// !$*UTF8*$!
{
	archiveVersion = 1;
	classes = {
	};
	objectVersion = 50;
	objects = {

/* Begin PBXBuildFile section */
		8D0AEDF320DBCACE00D3EB87 /* libcrypto.a in Frameworks */ = {isa = PBXBuildFile; fileRef = 8D0AEDA320DBCACD00D3EB87 /* libcrypto.a */; };
		8D0AEDF420DBCACE00D3EB87 /* LICENSE in Resources */ = {isa = PBXBuildFile; fileRef = 8D0AEDA520DBCACD00D3EB87 /* LICENSE */; };
		8D0AEDF520DBCACE00D3EB87 /* libssl.a in Frameworks */ = {isa = PBXBuildFile; fileRef = 8D0AEDF220DBCACD00D3EB87 /* libssl.a */; };
		8D0AEDF820DBCF7A00D3EB87 /* DH_AES.m in Sources */ = {isa = PBXBuildFile; fileRef = 8D0AEDF620DBCF7900D3EB87 /* DH_AES.m */; };
		8D37C5CE20DBAF2400C217AA /* AFURLResponseSerialization.m in Sources */ = {isa = PBXBuildFile; fileRef = 8D37C5C420DBAF2400C217AA /* AFURLResponseSerialization.m */; };
		8D37C5CF20DBAF2400C217AA /* AFHTTPSessionManager.m in Sources */ = {isa = PBXBuildFile; fileRef = 8D37C5C520DBAF2400C217AA /* AFHTTPSessionManager.m */; };
		8D37C5D020DBAF2400C217AA /* AFURLSessionManager.m in Sources */ = {isa = PBXBuildFile; fileRef = 8D37C5C720DBAF2400C217AA /* AFURLSessionManager.m */; };
		8D37C5D120DBAF2400C217AA /* AFURLRequestSerialization.m in Sources */ = {isa = PBXBuildFile; fileRef = 8D37C5C820DBAF2400C217AA /* AFURLRequestSerialization.m */; };
		8D37C5D220DBAF2400C217AA /* AFNetworkReachabilityManager.m in Sources */ = {isa = PBXBuildFile; fileRef = 8D37C5CA20DBAF2400C217AA /* AFNetworkReachabilityManager.m */; };
		8D37C5D320DBAF2400C217AA /* AFSecurityPolicy.m in Sources */ = {isa = PBXBuildFile; fileRef = 8D37C5CB20DBAF2400C217AA /* AFSecurityPolicy.m */; };
		8D37C5D620DBAF5C00C217AA /* ESPNetWorking.m in Sources */ = {isa = PBXBuildFile; fileRef = 8D37C5D520DBAF5C00C217AA /* ESPNetWorking.m */; };
		8D37C5DB20DBC29300C217AA /* PacketCommand.m in Sources */ = {isa = PBXBuildFile; fileRef = 8D37C5DA20DBC29300C217AA /* PacketCommand.m */; };
		8D37C5DE20DBC2A700C217AA /* RSAObject.m in Sources */ = {isa = PBXBuildFile; fileRef = 8D37C5DD20DBC2A700C217AA /* RSAObject.m */; };
		8D83CC0D20DA48F700DD632E /* AppDelegate.m in Sources */ = {isa = PBXBuildFile; fileRef = 8D83CC0C20DA48F700DD632E /* AppDelegate.m */; };
		8D83CC1620DA48F700DD632E /* Main.storyboard in Resources */ = {isa = PBXBuildFile; fileRef = 8D83CC1420DA48F700DD632E /* Main.storyboard */; };
		8D83CC1820DA48F800DD632E /* Assets.xcassets in Resources */ = {isa = PBXBuildFile; fileRef = 8D83CC1720DA48F800DD632E /* Assets.xcassets */; };
		8D83CC1B20DA48F800DD632E /* LaunchScreen.storyboard in Resources */ = {isa = PBXBuildFile; fileRef = 8D83CC1920DA48F800DD632E /* LaunchScreen.storyboard */; };
		8D83CC1E20DA48F800DD632E /* main.m in Sources */ = {isa = PBXBuildFile; fileRef = 8D83CC1D20DA48F800DD632E /* main.m */; };
		8D83CC2A20DA4E9200DD632E /* ESPMeshManager.m in Sources */ = {isa = PBXBuildFile; fileRef = 8D83CC2920DA4E9200DD632E /* ESPMeshManager.m */; };
		8D83CC9F20DA514C00DD632E /* Documentation.html in Resources */ = {isa = PBXBuildFile; fileRef = 8D83CC8120DA514C00DD632E /* Documentation.html */; };
		8D83CCA020DA514C00DD632E /* GCDAsyncUdpSocket.m in Sources */ = {isa = PBXBuildFile; fileRef = 8D83CC8220DA514C00DD632E /* GCDAsyncUdpSocket.m */; };
		8D83CCA120DA514C00DD632E /* GCDAsyncSocket.m in Sources */ = {isa = PBXBuildFile; fileRef = 8D83CC8320DA514C00DD632E /* GCDAsyncSocket.m */; };
		8D83CCA220DA514C00DD632E /* DDTTYLogger.m in Sources */ = {isa = PBXBuildFile; fileRef = 8D83CC8920DA514C00DD632E /* DDTTYLogger.m */; };
		8D83CCA320DA514C00DD632E /* DDASLLogger.m in Sources */ = {isa = PBXBuildFile; fileRef = 8D83CC8C20DA514C00DD632E /* DDASLLogger.m */; };
		8D83CCA420DA514C00DD632E /* DDContextFilterLogFormatter.m in Sources */ = {isa = PBXBuildFile; fileRef = 8D83CC8F20DA514C00DD632E /* DDContextFilterLogFormatter.m */; };
		8D83CCA520DA514C00DD632E /* DDDispatchQueueLogFormatter.m in Sources */ = {isa = PBXBuildFile; fileRef = 8D83CC9020DA514C00DD632E /* DDDispatchQueueLogFormatter.m */; };
		8D83CCA620DA514C00DD632E /* DDMultiFormatter.m in Sources */ = {isa = PBXBuildFile; fileRef = 8D83CC9320DA514C00DD632E /* DDMultiFormatter.m */; };
		8D83CCA720DA514C00DD632E /* README.txt in Resources */ = {isa = PBXBuildFile; fileRef = 8D83CC9520DA514C00DD632E /* README.txt */; };
		8D83CCA820DA514C00DD632E /* DDLog.m in Sources */ = {isa = PBXBuildFile; fileRef = 8D83CC9620DA514C00DD632E /* DDLog.m */; };
		8D83CCA920DA514C00DD632E /* DDAbstractDatabaseLogger.m in Sources */ = {isa = PBXBuildFile; fileRef = 8D83CC9920DA514C00DD632E /* DDAbstractDatabaseLogger.m */; };
		8D83CCAA20DA514C00DD632E /* DDFileLogger.m in Sources */ = {isa = PBXBuildFile; fileRef = 8D83CC9A20DA514C00DD632E /* DDFileLogger.m */; };
		8D83CCC020DA53EC00DD632E /* BabyToy.m in Sources */ = {isa = PBXBuildFile; fileRef = 8D83CCB020DA53EC00DD632E /* BabyToy.m */; };
		8D83CCC120DA53EC00DD632E /* BabyOptions.m in Sources */ = {isa = PBXBuildFile; fileRef = 8D83CCB520DA53EC00DD632E /* BabyOptions.m */; };
		8D83CCC220DA53EC00DD632E /* BabyCallback.m in Sources */ = {isa = PBXBuildFile; fileRef = 8D83CCB620DA53EC00DD632E /* BabyCallback.m */; };
		8D83CCC320DA53EC00DD632E /* BabyPeripheralManager.m in Sources */ = {isa = PBXBuildFile; fileRef = 8D83CCB720DA53EC00DD632E /* BabyPeripheralManager.m */; };
		8D83CCC420DA53EC00DD632E /* BabyCentralManager.m in Sources */ = {isa = PBXBuildFile; fileRef = 8D83CCB820DA53EC00DD632E /* BabyCentralManager.m */; };
		8D83CCC520DA53EC00DD632E /* BabySpeaker.m in Sources */ = {isa = PBXBuildFile; fileRef = 8D83CCB920DA53EC00DD632E /* BabySpeaker.m */; };
		8D83CCC620DA53EC00DD632E /* BabyRhythm.m in Sources */ = {isa = PBXBuildFile; fileRef = 8D83CCBB20DA53EC00DD632E /* BabyRhythm.m */; };
		8D83CCC720DA53EC00DD632E /* BabyBluetooth.m in Sources */ = {isa = PBXBuildFile; fileRef = 8D83CCBD20DA53EC00DD632E /* BabyBluetooth.m */; };
		8D83CCC820DA53EC00DD632E /* BabyDefine.m in Sources */ = {isa = PBXBuildFile; fileRef = 8D83CCBE20DA53EC00DD632E /* BabyDefine.m */; };
		8D83CCD020DA567100DD632E /* ESPBLEIO.m in Sources */ = {isa = PBXBuildFile; fileRef = 8D83CCCE20DA567100DD632E /* ESPBLEIO.m */; };
		8D83CCD120DA567100DD632E /* ESPBLEHelper.m in Sources */ = {isa = PBXBuildFile; fileRef = 8D83CCCF20DA567100DD632E /* ESPBLEHelper.m */; };
		8D83CCD420DA74D600DD632E /* MainTableViewController.m in Sources */ = {isa = PBXBuildFile; fileRef = 8D83CCD320DA74D600DD632E /* MainTableViewController.m */; };
		8D83CCD720DA78A300DD632E /* ScanBLEViewController.m in Sources */ = {isa = PBXBuildFile; fileRef = 8D83CCD620DA78A300DD632E /* ScanBLEViewController.m */; };
		8D83CCDA20DA790600DD632E /* PairResultViewController.m in Sources */ = {isa = PBXBuildFile; fileRef = 8D83CCD920DA790600DD632E /* PairResultViewController.m */; };
		8D83CCDD20DA865300DD632E /* MobileCoreServices.framework in Frameworks */ = {isa = PBXBuildFile; fileRef = 8D83CCDC20DA865300DD632E /* MobileCoreServices.framework */; };
		8D83CCE020DB7A7B00DD632E /* ESPTools.m in Sources */ = {isa = PBXBuildFile; fileRef = 8D83CCDF20DB7A7B00DD632E /* ESPTools.m */; };
		8D83CD1320DB854D00DD632E /* SystemConfiguration.framework in Frameworks */ = {isa = PBXBuildFile; fileRef = 8D83CD1220DB854D00DD632E /* SystemConfiguration.framework */; };
		8D83CD1520DB859D00DD632E /* UIKit.framework in Frameworks */ = {isa = PBXBuildFile; fileRef = 8D83CD1420DB859D00DD632E /* UIKit.framework */; };
		8D83CD7920DB88FA00DD632E /* Foundation.framework in Frameworks */ = {isa = PBXBuildFile; fileRef = 8D83CD7820DB88F900DD632E /* Foundation.framework */; };
		8D83CD7C20DB8A0300DD632E /* ESPRootScanUDP.m in Sources */ = {isa = PBXBuildFile; fileRef = 8D83CD7A20DB8A0300DD632E /* ESPRootScanUDP.m */; };
		8D83CD7F20DB8B2B00DD632E /* EspDevice.m in Sources */ = {isa = PBXBuildFile; fileRef = 8D83CD7E20DB8B2B00DD632E /* EspDevice.m */; };
/* End PBXBuildFile section */

/* Begin PBXFileReference section */
		8D0AEDA320DBCACD00D3EB87 /* libcrypto.a */ = {isa = PBXFileReference; lastKnownFileType = archive.ar; path = libcrypto.a; sourceTree = "<group>"; };
		8D0AEDA520DBCACD00D3EB87 /* LICENSE */ = {isa = PBXFileReference; fileEncoding = 4; lastKnownFileType = text; path = LICENSE; sourceTree = "<group>"; };
		8D0AEDA720DBCACD00D3EB87 /* pem2.h */ = {isa = PBXFileReference; fileEncoding = 4; lastKnownFileType = sourcecode.c.h; path = pem2.h; sourceTree = "<group>"; };
		8D0AEDA820DBCACD00D3EB87 /* pem.h */ = {isa = PBXFileReference; fileEncoding = 4; lastKnownFileType = sourcecode.c.h; path = pem.h; sourceTree = "<group>"; };
		8D0AEDA920DBCACD00D3EB87 /* ssl3.h */ = {isa = PBXFileReference; fileEncoding = 4; lastKnownFileType = sourcecode.c.h; path = ssl3.h; sourceTree = "<group>"; };
		8D0AEDAA20DBCACD00D3EB87 /* ossl_typ.h */ = {isa = PBXFileReference; fileEncoding = 4; lastKnownFileType = sourcecode.c.h; path = ossl_typ.h; sourceTree = "<group>"; };
		8D0AEDAB20DBCACD00D3EB87 /* dtls1.h */ = {isa = PBXFileReference; fileEncoding = 4; lastKnownFileType = sourcecode.c.h; path = dtls1.h; sourceTree = "<group>"; };
		8D0AEDAC20DBCACD00D3EB87 /* err.h */ = {isa = PBXFileReference; fileEncoding = 4; lastKnownFileType = sourcecode.c.h; path = err.h; sourceTree = "<group>"; };
		8D0AEDAD20DBCACD00D3EB87 /* bn.h */ = {isa = PBXFileReference; fileEncoding = 4; lastKnownFileType = sourcecode.c.h; path = bn.h; sourceTree = "<group>"; };
		8D0AEDAE20DBCACD00D3EB87 /* blowfish.h */ = {isa = PBXFileReference; fileEncoding = 4; lastKnownFileType = sourcecode.c.h; path = blowfish.h; sourceTree = "<group>"; };
		8D0AEDAF20DBCACD00D3EB87 /* cms.h */ = {isa = PBXFileReference; fileEncoding = 4; lastKnownFileType = sourcecode.c.h; path = cms.h; sourceTree = "<group>"; };
		8D0AEDB020DBCACD00D3EB87 /* engine.h */ = {isa = PBXFileReference; fileEncoding = 4; lastKnownFileType = sourcecode.c.h; path = engine.h; sourceTree = "<group>"; };
		8D0AEDB120DBCACD00D3EB87 /* conf_api.h */ = {isa = PBXFileReference; fileEncoding = 4; lastKnownFileType = sourcecode.c.h; path = conf_api.h; sourceTree = "<group>"; };
		8D0AEDB220DBCACD00D3EB87 /* x509.h */ = {isa = PBXFileReference; fileEncoding = 4; lastKnownFileType = sourcecode.c.h; path = x509.h; sourceTree = "<group>"; };
		8D0AEDB320DBCACD00D3EB87 /* asn1_mac.h */ = {isa = PBXFileReference; fileEncoding = 4; lastKnownFileType = sourcecode.c.h; path = asn1_mac.h; sourceTree = "<group>"; };
		8D0AEDB420DBCACD00D3EB87 /* ui.h */ = {isa = PBXFileReference; fileEncoding = 4; lastKnownFileType = sourcecode.c.h; path = ui.h; sourceTree = "<group>"; };
		8D0AEDB520DBCACD00D3EB87 /* kssl.h */ = {isa = PBXFileReference; fileEncoding = 4; lastKnownFileType = sourcecode.c.h; path = kssl.h; sourceTree = "<group>"; };
		8D0AEDB620DBCACD00D3EB87 /* sha.h */ = {isa = PBXFileReference; fileEncoding = 4; lastKnownFileType = sourcecode.c.h; path = sha.h; sourceTree = "<group>"; };
		8D0AEDB720DBCACD00D3EB87 /* symhacks.h */ = {isa = PBXFileReference; fileEncoding = 4; lastKnownFileType = sourcecode.c.h; path = symhacks.h; sourceTree = "<group>"; };
		8D0AEDB820DBCACD00D3EB87 /* asn1.h */ = {isa = PBXFileReference; fileEncoding = 4; lastKnownFileType = sourcecode.c.h; path = asn1.h; sourceTree = "<group>"; };
		8D0AEDB920DBCACD00D3EB87 /* opensslconf.h */ = {isa = PBXFileReference; fileEncoding = 4; lastKnownFileType = sourcecode.c.h; path = opensslconf.h; sourceTree = "<group>"; };
		8D0AEDBA20DBCACD00D3EB87 /* bio.h */ = {isa = PBXFileReference; fileEncoding = 4; lastKnownFileType = sourcecode.c.h; path = bio.h; sourceTree = "<group>"; };
		8D0AEDBB20DBCACD00D3EB87 /* rc2.h */ = {isa = PBXFileReference; fileEncoding = 4; lastKnownFileType = sourcecode.c.h; path = rc2.h; sourceTree = "<group>"; };
		8D0AEDBC20DBCACD00D3EB87 /* dh.h */ = {isa = PBXFileReference; fileEncoding = 4; lastKnownFileType = sourcecode.c.h; path = dh.h; sourceTree = "<group>"; };
		8D0AEDBD20DBCACD00D3EB87 /* ui_compat.h */ = {isa = PBXFileReference; fileEncoding = 4; lastKnownFileType = sourcecode.c.h; path = ui_compat.h; sourceTree = "<group>"; };
		8D0AEDBE20DBCACD00D3EB87 /* x509v3.h */ = {isa = PBXFileReference; fileEncoding = 4; lastKnownFileType = sourcecode.c.h; path = x509v3.h; sourceTree = "<group>"; };
		8D0AEDBF20DBCACD00D3EB87 /* ssl23.h */ = {isa = PBXFileReference; fileEncoding = 4; lastKnownFileType = sourcecode.c.h; path = ssl23.h; sourceTree = "<group>"; };
		8D0AEDC020DBCACD00D3EB87 /* conf.h */ = {isa = PBXFileReference; fileEncoding = 4; lastKnownFileType = sourcecode.c.h; path = conf.h; sourceTree = "<group>"; };
		8D0AEDC120DBCACD00D3EB87 /* md5.h */ = {isa = PBXFileReference; fileEncoding = 4; lastKnownFileType = sourcecode.c.h; path = md5.h; sourceTree = "<group>"; };
		8D0AEDC220DBCACD00D3EB87 /* x509_vfy.h */ = {isa = PBXFileReference; fileEncoding = 4; lastKnownFileType = sourcecode.c.h; path = x509_vfy.h; sourceTree = "<group>"; };
		8D0AEDC320DBCACD00D3EB87 /* txt_db.h */ = {isa = PBXFileReference; fileEncoding = 4; lastKnownFileType = sourcecode.c.h; path = txt_db.h; sourceTree = "<group>"; };
		8D0AEDC420DBCACD00D3EB87 /* safestack.h */ = {isa = PBXFileReference; fileEncoding = 4; lastKnownFileType = sourcecode.c.h; path = safestack.h; sourceTree = "<group>"; };
		8D0AEDC520DBCACD00D3EB87 /* ecdsa.h */ = {isa = PBXFileReference; fileEncoding = 4; lastKnownFileType = sourcecode.c.h; path = ecdsa.h; sourceTree = "<group>"; };
		8D0AEDC620DBCACD00D3EB87 /* objects.h */ = {isa = PBXFileReference; fileEncoding = 4; lastKnownFileType = sourcecode.c.h; path = objects.h; sourceTree = "<group>"; };
		8D0AEDC720DBCACD00D3EB87 /* pkcs12.h */ = {isa = PBXFileReference; fileEncoding = 4; lastKnownFileType = sourcecode.c.h; path = pkcs12.h; sourceTree = "<group>"; };
		8D0AEDC820DBCACD00D3EB87 /* crypto.h */ = {isa = PBXFileReference; fileEncoding = 4; lastKnownFileType = sourcecode.c.h; path = crypto.h; sourceTree = "<group>"; };
		8D0AEDC920DBCACD00D3EB87 /* opensslv.h */ = {isa = PBXFileReference; fileEncoding = 4; lastKnownFileType = sourcecode.c.h; path = opensslv.h; sourceTree = "<group>"; };
		8D0AEDCA20DBCACD00D3EB87 /* pkcs7.h */ = {isa = PBXFileReference; fileEncoding = 4; lastKnownFileType = sourcecode.c.h; path = pkcs7.h; sourceTree = "<group>"; };
		8D0AEDCB20DBCACD00D3EB87 /* obj_mac.h */ = {isa = PBXFileReference; fileEncoding = 4; lastKnownFileType = sourcecode.c.h; path = obj_mac.h; sourceTree = "<group>"; };
		8D0AEDCC20DBCACD00D3EB87 /* buffer.h */ = {isa = PBXFileReference; fileEncoding = 4; lastKnownFileType = sourcecode.c.h; path = buffer.h; sourceTree = "<group>"; };
		8D0AEDCD20DBCACD00D3EB87 /* ssl.h */ = {isa = PBXFileReference; fileEncoding = 4; lastKnownFileType = sourcecode.c.h; path = ssl.h; sourceTree = "<group>"; };
		8D0AEDCE20DBCACD00D3EB87 /* srp.h */ = {isa = PBXFileReference; fileEncoding = 4; lastKnownFileType = sourcecode.c.h; path = srp.h; sourceTree = "<group>"; };
		8D0AEDCF20DBCACD00D3EB87 /* camellia.h */ = {isa = PBXFileReference; fileEncoding = 4; lastKnownFileType = sourcecode.c.h; path = camellia.h; sourceTree = "<group>"; };
		8D0AEDD020DBCACD00D3EB87 /* evp.h */ = {isa = PBXFileReference; fileEncoding = 4; lastKnownFileType = sourcecode.c.h; path = evp.h; sourceTree = "<group>"; };
		8D0AEDD120DBCACD00D3EB87 /* e_os2.h */ = {isa = PBXFileReference; fileEncoding = 4; lastKnownFileType = sourcecode.c.h; path = e_os2.h; sourceTree = "<group>"; };
		8D0AEDD220DBCACD00D3EB87 /* md4.h */ = {isa = PBXFileReference; fileEncoding = 4; lastKnownFileType = sourcecode.c.h; path = md4.h; sourceTree = "<group>"; };
		8D0AEDD320DBCACD00D3EB87 /* hmac.h */ = {isa = PBXFileReference; fileEncoding = 4; lastKnownFileType = sourcecode.c.h; path = hmac.h; sourceTree = "<group>"; };
		8D0AEDD420DBCACD00D3EB87 /* aes.h */ = {isa = PBXFileReference; fileEncoding = 4; lastKnownFileType = sourcecode.c.h; path = aes.h; sourceTree = "<group>"; };
		8D0AEDD520DBCACD00D3EB87 /* comp.h */ = {isa = PBXFileReference; fileEncoding = 4; lastKnownFileType = sourcecode.c.h; path = comp.h; sourceTree = "<group>"; };
		8D0AEDD620DBCACD00D3EB87 /* cast.h */ = {isa = PBXFileReference; fileEncoding = 4; lastKnownFileType = sourcecode.c.h; path = cast.h; sourceTree = "<group>"; };
		8D0AEDD720DBCACD00D3EB87 /* rc4.h */ = {isa = PBXFileReference; fileEncoding = 4; lastKnownFileType = sourcecode.c.h; path = rc4.h; sourceTree = "<group>"; };
		8D0AEDD820DBCACD00D3EB87 /* stack.h */ = {isa = PBXFileReference; fileEncoding = 4; lastKnownFileType = sourcecode.c.h; path = stack.h; sourceTree = "<group>"; };
		8D0AEDD920DBCACD00D3EB87 /* des.h */ = {isa = PBXFileReference; fileEncoding = 4; lastKnownFileType = sourcecode.c.h; path = des.h; sourceTree = "<group>"; };
		8D0AEDDA20DBCACD00D3EB87 /* ocsp.h */ = {isa = PBXFileReference; fileEncoding = 4; lastKnownFileType = sourcecode.c.h; path = ocsp.h; sourceTree = "<group>"; };
		8D0AEDDB20DBCACD00D3EB87 /* ec.h */ = {isa = PBXFileReference; fileEncoding = 4; lastKnownFileType = sourcecode.c.h; path = ec.h; sourceTree = "<group>"; };
		8D0AEDDC20DBCACD00D3EB87 /* ecdh.h */ = {isa = PBXFileReference; fileEncoding = 4; lastKnownFileType = sourcecode.c.h; path = ecdh.h; sourceTree = "<group>"; };
		8D0AEDDD20DBCACD00D3EB87 /* rand.h */ = {isa = PBXFileReference; fileEncoding = 4; lastKnownFileType = sourcecode.c.h; path = rand.h; sourceTree = "<group>"; };
		8D0AEDDE20DBCACD00D3EB87 /* ts.h */ = {isa = PBXFileReference; fileEncoding = 4; lastKnownFileType = sourcecode.c.h; path = ts.h; sourceTree = "<group>"; };
		8D0AEDDF20DBCACD00D3EB87 /* pqueue.h */ = {isa = PBXFileReference; fileEncoding = 4; lastKnownFileType = sourcecode.c.h; path = pqueue.h; sourceTree = "<group>"; };
		8D0AEDE020DBCACD00D3EB87 /* dso.h */ = {isa = PBXFileReference; fileEncoding = 4; lastKnownFileType = sourcecode.c.h; path = dso.h; sourceTree = "<group>"; };
		8D0AEDE120DBCACD00D3EB87 /* seed.h */ = {isa = PBXFileReference; fileEncoding = 4; lastKnownFileType = sourcecode.c.h; path = seed.h; sourceTree = "<group>"; };
		8D0AEDE220DBCACD00D3EB87 /* modes.h */ = {isa = PBXFileReference; fileEncoding = 4; lastKnownFileType = sourcecode.c.h; path = modes.h; sourceTree = "<group>"; };
		8D0AEDE320DBCACD00D3EB87 /* ssl2.h */ = {isa = PBXFileReference; fileEncoding = 4; lastKnownFileType = sourcecode.c.h; path = ssl2.h; sourceTree = "<group>"; };
		8D0AEDE420DBCACD00D3EB87 /* rsa.h */ = {isa = PBXFileReference; fileEncoding = 4; lastKnownFileType = sourcecode.c.h; path = rsa.h; sourceTree = "<group>"; };
		8D0AEDE520DBCACD00D3EB87 /* krb5_asn.h */ = {isa = PBXFileReference; fileEncoding = 4; lastKnownFileType = sourcecode.c.h; path = krb5_asn.h; sourceTree = "<group>"; };
		8D0AEDE620DBCACD00D3EB87 /* des_old.h */ = {isa = PBXFileReference; fileEncoding = 4; lastKnownFileType = sourcecode.c.h; path = des_old.h; sourceTree = "<group>"; };
		8D0AEDE720DBCACD00D3EB87 /* ripemd.h */ = {isa = PBXFileReference; fileEncoding = 4; lastKnownFileType = sourcecode.c.h; path = ripemd.h; sourceTree = "<group>"; };
		8D0AEDE820DBCACD00D3EB87 /* whrlpool.h */ = {isa = PBXFileReference; fileEncoding = 4; lastKnownFileType = sourcecode.c.h; path = whrlpool.h; sourceTree = "<group>"; };
		8D0AEDE920DBCACD00D3EB87 /* tls1.h */ = {isa = PBXFileReference; fileEncoding = 4; lastKnownFileType = sourcecode.c.h; path = tls1.h; sourceTree = "<group>"; };
		8D0AEDEA20DBCACD00D3EB87 /* mdc2.h */ = {isa = PBXFileReference; fileEncoding = 4; lastKnownFileType = sourcecode.c.h; path = mdc2.h; sourceTree = "<group>"; };
		8D0AEDEB20DBCACD00D3EB87 /* dsa.h */ = {isa = PBXFileReference; fileEncoding = 4; lastKnownFileType = sourcecode.c.h; path = dsa.h; sourceTree = "<group>"; };
		8D0AEDEC20DBCACD00D3EB87 /* srtp.h */ = {isa = PBXFileReference; fileEncoding = 4; lastKnownFileType = sourcecode.c.h; path = srtp.h; sourceTree = "<group>"; };
		8D0AEDED20DBCACD00D3EB87 /* asn1t.h */ = {isa = PBXFileReference; fileEncoding = 4; lastKnownFileType = sourcecode.c.h; path = asn1t.h; sourceTree = "<group>"; };
		8D0AEDEE20DBCACD00D3EB87 /* cmac.h */ = {isa = PBXFileReference; fileEncoding = 4; lastKnownFileType = sourcecode.c.h; path = cmac.h; sourceTree = "<group>"; };
		8D0AEDEF20DBCACD00D3EB87 /* ebcdic.h */ = {isa = PBXFileReference; fileEncoding = 4; lastKnownFileType = sourcecode.c.h; path = ebcdic.h; sourceTree = "<group>"; };
		8D0AEDF020DBCACD00D3EB87 /* idea.h */ = {isa = PBXFileReference; fileEncoding = 4; lastKnownFileType = sourcecode.c.h; path = idea.h; sourceTree = "<group>"; };
		8D0AEDF120DBCACD00D3EB87 /* lhash.h */ = {isa = PBXFileReference; fileEncoding = 4; lastKnownFileType = sourcecode.c.h; path = lhash.h; sourceTree = "<group>"; };
		8D0AEDF220DBCACD00D3EB87 /* libssl.a */ = {isa = PBXFileReference; lastKnownFileType = archive.ar; path = libssl.a; sourceTree = "<group>"; };
		8D0AEDF620DBCF7900D3EB87 /* DH_AES.m */ = {isa = PBXFileReference; fileEncoding = 4; lastKnownFileType = sourcecode.c.objc; path = DH_AES.m; sourceTree = "<group>"; };
		8D0AEDF720DBCF7900D3EB87 /* DH_AES.h */ = {isa = PBXFileReference; fileEncoding = 4; lastKnownFileType = sourcecode.c.h; path = DH_AES.h; sourceTree = "<group>"; };
		8D37C5C020DBAF2400C217AA /* AFSecurityPolicy.h */ = {isa = PBXFileReference; fileEncoding = 4; lastKnownFileType = sourcecode.c.h; path = AFSecurityPolicy.h; sourceTree = "<group>"; };
		8D37C5C120DBAF2400C217AA /* AFNetworkReachabilityManager.h */ = {isa = PBXFileReference; fileEncoding = 4; lastKnownFileType = sourcecode.c.h; path = AFNetworkReachabilityManager.h; sourceTree = "<group>"; };
		8D37C5C220DBAF2400C217AA /* AFURLSessionManager.h */ = {isa = PBXFileReference; fileEncoding = 4; lastKnownFileType = sourcecode.c.h; path = AFURLSessionManager.h; sourceTree = "<group>"; };
		8D37C5C320DBAF2400C217AA /* AFURLRequestSerialization.h */ = {isa = PBXFileReference; fileEncoding = 4; lastKnownFileType = sourcecode.c.h; path = AFURLRequestSerialization.h; sourceTree = "<group>"; };
		8D37C5C420DBAF2400C217AA /* AFURLResponseSerialization.m */ = {isa = PBXFileReference; fileEncoding = 4; lastKnownFileType = sourcecode.c.objc; path = AFURLResponseSerialization.m; sourceTree = "<group>"; };
		8D37C5C520DBAF2400C217AA /* AFHTTPSessionManager.m */ = {isa = PBXFileReference; fileEncoding = 4; lastKnownFileType = sourcecode.c.objc; path = AFHTTPSessionManager.m; sourceTree = "<group>"; };
		8D37C5C620DBAF2400C217AA /* AFURLResponseSerialization.h */ = {isa = PBXFileReference; fileEncoding = 4; lastKnownFileType = sourcecode.c.h; path = AFURLResponseSerialization.h; sourceTree = "<group>"; };
		8D37C5C720DBAF2400C217AA /* AFURLSessionManager.m */ = {isa = PBXFileReference; fileEncoding = 4; lastKnownFileType = sourcecode.c.objc; path = AFURLSessionManager.m; sourceTree = "<group>"; };
		8D37C5C820DBAF2400C217AA /* AFURLRequestSerialization.m */ = {isa = PBXFileReference; fileEncoding = 4; lastKnownFileType = sourcecode.c.objc; path = AFURLRequestSerialization.m; sourceTree = "<group>"; };
		8D37C5C920DBAF2400C217AA /* AFNetworking.h */ = {isa = PBXFileReference; fileEncoding = 4; lastKnownFileType = sourcecode.c.h; path = AFNetworking.h; sourceTree = "<group>"; };
		8D37C5CA20DBAF2400C217AA /* AFNetworkReachabilityManager.m */ = {isa = PBXFileReference; fileEncoding = 4; lastKnownFileType = sourcecode.c.objc; path = AFNetworkReachabilityManager.m; sourceTree = "<group>"; };
		8D37C5CB20DBAF2400C217AA /* AFSecurityPolicy.m */ = {isa = PBXFileReference; fileEncoding = 4; lastKnownFileType = sourcecode.c.objc; path = AFSecurityPolicy.m; sourceTree = "<group>"; };
		8D37C5CC20DBAF2400C217AA /* AFCompatibilityMacros.h */ = {isa = PBXFileReference; fileEncoding = 4; lastKnownFileType = sourcecode.c.h; path = AFCompatibilityMacros.h; sourceTree = "<group>"; };
		8D37C5CD20DBAF2400C217AA /* AFHTTPSessionManager.h */ = {isa = PBXFileReference; fileEncoding = 4; lastKnownFileType = sourcecode.c.h; path = AFHTTPSessionManager.h; sourceTree = "<group>"; };
		8D37C5D420DBAF5C00C217AA /* ESPNetWorking.h */ = {isa = PBXFileReference; lastKnownFileType = sourcecode.c.h; path = ESPNetWorking.h; sourceTree = "<group>"; };
		8D37C5D520DBAF5C00C217AA /* ESPNetWorking.m */ = {isa = PBXFileReference; lastKnownFileType = sourcecode.c.objc; path = ESPNetWorking.m; sourceTree = "<group>"; };
		8D37C5D920DBC29200C217AA /* PacketCommand.h */ = {isa = PBXFileReference; fileEncoding = 4; lastKnownFileType = sourcecode.c.h; path = PacketCommand.h; sourceTree = "<group>"; };
		8D37C5DA20DBC29300C217AA /* PacketCommand.m */ = {isa = PBXFileReference; fileEncoding = 4; lastKnownFileType = sourcecode.c.objc; path = PacketCommand.m; sourceTree = "<group>"; };
		8D37C5DC20DBC2A700C217AA /* RSAObject.h */ = {isa = PBXFileReference; fileEncoding = 4; lastKnownFileType = sourcecode.c.h; path = RSAObject.h; sourceTree = "<group>"; };
		8D37C5DD20DBC2A700C217AA /* RSAObject.m */ = {isa = PBXFileReference; fileEncoding = 4; lastKnownFileType = sourcecode.c.objc; path = RSAObject.m; sourceTree = "<group>"; };
		8D83CC0820DA48F700DD632E /* ESPMeshLibraryDemo.app */ = {isa = PBXFileReference; explicitFileType = wrapper.application; includeInIndex = 0; path = ESPMeshLibraryDemo.app; sourceTree = BUILT_PRODUCTS_DIR; };
		8D83CC0B20DA48F700DD632E /* AppDelegate.h */ = {isa = PBXFileReference; lastKnownFileType = sourcecode.c.h; path = AppDelegate.h; sourceTree = "<group>"; };
		8D83CC0C20DA48F700DD632E /* AppDelegate.m */ = {isa = PBXFileReference; lastKnownFileType = sourcecode.c.objc; path = AppDelegate.m; sourceTree = "<group>"; };
		8D83CC1520DA48F700DD632E /* Base */ = {isa = PBXFileReference; lastKnownFileType = file.storyboard; name = Base; path = Base.lproj/Main.storyboard; sourceTree = "<group>"; };
		8D83CC1720DA48F800DD632E /* Assets.xcassets */ = {isa = PBXFileReference; lastKnownFileType = folder.assetcatalog; path = Assets.xcassets; sourceTree = "<group>"; };
		8D83CC1A20DA48F800DD632E /* Base */ = {isa = PBXFileReference; lastKnownFileType = file.storyboard; name = Base; path = Base.lproj/LaunchScreen.storyboard; sourceTree = "<group>"; };
		8D83CC1C20DA48F800DD632E /* Info.plist */ = {isa = PBXFileReference; lastKnownFileType = text.plist.xml; path = Info.plist; sourceTree = "<group>"; };
		8D83CC1D20DA48F800DD632E /* main.m */ = {isa = PBXFileReference; lastKnownFileType = sourcecode.c.objc; path = main.m; sourceTree = "<group>"; };
		8D83CC2820DA4E9200DD632E /* ESPMeshManager.h */ = {isa = PBXFileReference; lastKnownFileType = sourcecode.c.h; path = ESPMeshManager.h; sourceTree = "<group>"; };
		8D83CC2920DA4E9200DD632E /* ESPMeshManager.m */ = {isa = PBXFileReference; lastKnownFileType = sourcecode.c.objc; path = ESPMeshManager.m; sourceTree = "<group>"; };
		8D83CC8120DA514C00DD632E /* Documentation.html */ = {isa = PBXFileReference; fileEncoding = 4; lastKnownFileType = text.html; path = Documentation.html; sourceTree = "<group>"; };
		8D83CC8220DA514C00DD632E /* GCDAsyncUdpSocket.m */ = {isa = PBXFileReference; fileEncoding = 4; lastKnownFileType = sourcecode.c.objc; path = GCDAsyncUdpSocket.m; sourceTree = "<group>"; };
		8D83CC8320DA514C00DD632E /* GCDAsyncSocket.m */ = {isa = PBXFileReference; fileEncoding = 4; lastKnownFileType = sourcecode.c.objc; path = GCDAsyncSocket.m; sourceTree = "<group>"; };
		8D83CC8420DA514C00DD632E /* GCDAsyncUdpSocket.h */ = {isa = PBXFileReference; fileEncoding = 4; lastKnownFileType = sourcecode.c.h; path = GCDAsyncUdpSocket.h; sourceTree = "<group>"; };
		8D83CC8520DA514C00DD632E /* GCDAsyncSocket.h */ = {isa = PBXFileReference; fileEncoding = 4; lastKnownFileType = sourcecode.c.h; path = GCDAsyncSocket.h; sourceTree = "<group>"; };
		8D83CC8620DA514C00DD632E /* CocoaAsyncSocket.h */ = {isa = PBXFileReference; fileEncoding = 4; lastKnownFileType = sourcecode.c.h; path = CocoaAsyncSocket.h; sourceTree = "<group>"; };
		8D83CC8920DA514C00DD632E /* DDTTYLogger.m */ = {isa = PBXFileReference; fileEncoding = 4; lastKnownFileType = sourcecode.c.objc; path = DDTTYLogger.m; sourceTree = "<group>"; };
		8D83CC8A20DA514C00DD632E /* DDLog.h */ = {isa = PBXFileReference; fileEncoding = 4; lastKnownFileType = sourcecode.c.h; path = DDLog.h; sourceTree = "<group>"; };
		8D83CC8B20DA514C00DD632E /* DDAbstractDatabaseLogger.h */ = {isa = PBXFileReference; fileEncoding = 4; lastKnownFileType = sourcecode.c.h; path = DDAbstractDatabaseLogger.h; sourceTree = "<group>"; };
		8D83CC8C20DA514C00DD632E /* DDASLLogger.m */ = {isa = PBXFileReference; fileEncoding = 4; lastKnownFileType = sourcecode.c.objc; path = DDASLLogger.m; sourceTree = "<group>"; };
		8D83CC8D20DA514C00DD632E /* DDFileLogger.h */ = {isa = PBXFileReference; fileEncoding = 4; lastKnownFileType = sourcecode.c.h; path = DDFileLogger.h; sourceTree = "<group>"; };
		8D83CC8F20DA514C00DD632E /* DDContextFilterLogFormatter.m */ = {isa = PBXFileReference; fileEncoding = 4; lastKnownFileType = sourcecode.c.objc; path = DDContextFilterLogFormatter.m; sourceTree = "<group>"; };
		8D83CC9020DA514C00DD632E /* DDDispatchQueueLogFormatter.m */ = {isa = PBXFileReference; fileEncoding = 4; lastKnownFileType = sourcecode.c.objc; path = DDDispatchQueueLogFormatter.m; sourceTree = "<group>"; };
		8D83CC9120DA514C00DD632E /* DDMultiFormatter.h */ = {isa = PBXFileReference; fileEncoding = 4; lastKnownFileType = sourcecode.c.h; path = DDMultiFormatter.h; sourceTree = "<group>"; };
		8D83CC9220DA514C00DD632E /* DDContextFilterLogFormatter.h */ = {isa = PBXFileReference; fileEncoding = 4; lastKnownFileType = sourcecode.c.h; path = DDContextFilterLogFormatter.h; sourceTree = "<group>"; };
		8D83CC9320DA514C00DD632E /* DDMultiFormatter.m */ = {isa = PBXFileReference; fileEncoding = 4; lastKnownFileType = sourcecode.c.objc; path = DDMultiFormatter.m; sourceTree = "<group>"; };
		8D83CC9420DA514C00DD632E /* DDDispatchQueueLogFormatter.h */ = {isa = PBXFileReference; fileEncoding = 4; lastKnownFileType = sourcecode.c.h; path = DDDispatchQueueLogFormatter.h; sourceTree = "<group>"; };
		8D83CC9520DA514C00DD632E /* README.txt */ = {isa = PBXFileReference; fileEncoding = 4; lastKnownFileType = text; path = README.txt; sourceTree = "<group>"; };
		8D83CC9620DA514C00DD632E /* DDLog.m */ = {isa = PBXFileReference; fileEncoding = 4; lastKnownFileType = sourcecode.c.objc; path = DDLog.m; sourceTree = "<group>"; };
		8D83CC9720DA514C00DD632E /* DDTTYLogger.h */ = {isa = PBXFileReference; fileEncoding = 4; lastKnownFileType = sourcecode.c.h; path = DDTTYLogger.h; sourceTree = "<group>"; };
		8D83CC9820DA514C00DD632E /* DDLog+LOGV.h */ = {isa = PBXFileReference; fileEncoding = 4; lastKnownFileType = sourcecode.c.h; path = "DDLog+LOGV.h"; sourceTree = "<group>"; };
		8D83CC9920DA514C00DD632E /* DDAbstractDatabaseLogger.m */ = {isa = PBXFileReference; fileEncoding = 4; lastKnownFileType = sourcecode.c.objc; path = DDAbstractDatabaseLogger.m; sourceTree = "<group>"; };
		8D83CC9A20DA514C00DD632E /* DDFileLogger.m */ = {isa = PBXFileReference; fileEncoding = 4; lastKnownFileType = sourcecode.c.objc; path = DDFileLogger.m; sourceTree = "<group>"; };
		8D83CC9B20DA514C00DD632E /* DDASLLogger.h */ = {isa = PBXFileReference; fileEncoding = 4; lastKnownFileType = sourcecode.c.h; path = DDASLLogger.h; sourceTree = "<group>"; };
		8D83CCAE20DA53EC00DD632E /* BabyRhythm.h */ = {isa = PBXFileReference; fileEncoding = 4; lastKnownFileType = sourcecode.c.h; path = BabyRhythm.h; sourceTree = "<group>"; };
		8D83CCAF20DA53EC00DD632E /* BabySpeaker.h */ = {isa = PBXFileReference; fileEncoding = 4; lastKnownFileType = sourcecode.c.h; path = BabySpeaker.h; sourceTree = "<group>"; };
		8D83CCB020DA53EC00DD632E /* BabyToy.m */ = {isa = PBXFileReference; fileEncoding = 4; lastKnownFileType = sourcecode.c.objc; path = BabyToy.m; sourceTree = "<group>"; };
		8D83CCB120DA53EC00DD632E /* BabyCentralManager.h */ = {isa = PBXFileReference; fileEncoding = 4; lastKnownFileType = sourcecode.c.h; path = BabyCentralManager.h; sourceTree = "<group>"; };
		8D83CCB220DA53EC00DD632E /* BabyPeripheralManager.h */ = {isa = PBXFileReference; fileEncoding = 4; lastKnownFileType = sourcecode.c.h; path = BabyPeripheralManager.h; sourceTree = "<group>"; };
		8D83CCB320DA53EC00DD632E /* BabyDefine.h */ = {isa = PBXFileReference; fileEncoding = 4; lastKnownFileType = sourcecode.c.h; path = BabyDefine.h; sourceTree = "<group>"; };
		8D83CCB420DA53EC00DD632E /* BabyBluetooth.h */ = {isa = PBXFileReference; fileEncoding = 4; lastKnownFileType = sourcecode.c.h; path = BabyBluetooth.h; sourceTree = "<group>"; };
		8D83CCB520DA53EC00DD632E /* BabyOptions.m */ = {isa = PBXFileReference; fileEncoding = 4; lastKnownFileType = sourcecode.c.objc; path = BabyOptions.m; sourceTree = "<group>"; };
		8D83CCB620DA53EC00DD632E /* BabyCallback.m */ = {isa = PBXFileReference; fileEncoding = 4; lastKnownFileType = sourcecode.c.objc; path = BabyCallback.m; sourceTree = "<group>"; };
		8D83CCB720DA53EC00DD632E /* BabyPeripheralManager.m */ = {isa = PBXFileReference; fileEncoding = 4; lastKnownFileType = sourcecode.c.objc; path = BabyPeripheralManager.m; sourceTree = "<group>"; };
		8D83CCB820DA53EC00DD632E /* BabyCentralManager.m */ = {isa = PBXFileReference; fileEncoding = 4; lastKnownFileType = sourcecode.c.objc; path = BabyCentralManager.m; sourceTree = "<group>"; };
		8D83CCB920DA53EC00DD632E /* BabySpeaker.m */ = {isa = PBXFileReference; fileEncoding = 4; lastKnownFileType = sourcecode.c.objc; path = BabySpeaker.m; sourceTree = "<group>"; };
		8D83CCBA20DA53EC00DD632E /* BabyToy.h */ = {isa = PBXFileReference; fileEncoding = 4; lastKnownFileType = sourcecode.c.h; path = BabyToy.h; sourceTree = "<group>"; };
		8D83CCBB20DA53EC00DD632E /* BabyRhythm.m */ = {isa = PBXFileReference; fileEncoding = 4; lastKnownFileType = sourcecode.c.objc; path = BabyRhythm.m; sourceTree = "<group>"; };
		8D83CCBC20DA53EC00DD632E /* BabyOptions.h */ = {isa = PBXFileReference; fileEncoding = 4; lastKnownFileType = sourcecode.c.h; path = BabyOptions.h; sourceTree = "<group>"; };
		8D83CCBD20DA53EC00DD632E /* BabyBluetooth.m */ = {isa = PBXFileReference; fileEncoding = 4; lastKnownFileType = sourcecode.c.objc; path = BabyBluetooth.m; sourceTree = "<group>"; };
		8D83CCBE20DA53EC00DD632E /* BabyDefine.m */ = {isa = PBXFileReference; fileEncoding = 4; lastKnownFileType = sourcecode.c.objc; path = BabyDefine.m; sourceTree = "<group>"; };
		8D83CCBF20DA53EC00DD632E /* BabyCallback.h */ = {isa = PBXFileReference; fileEncoding = 4; lastKnownFileType = sourcecode.c.h; path = BabyCallback.h; sourceTree = "<group>"; };
		8D83CCCC20DA567100DD632E /* ESPBLEIO.h */ = {isa = PBXFileReference; fileEncoding = 4; lastKnownFileType = sourcecode.c.h; path = ESPBLEIO.h; sourceTree = "<group>"; };
		8D83CCCD20DA567100DD632E /* ESPBLEHelper.h */ = {isa = PBXFileReference; fileEncoding = 4; lastKnownFileType = sourcecode.c.h; path = ESPBLEHelper.h; sourceTree = "<group>"; };
		8D83CCCE20DA567100DD632E /* ESPBLEIO.m */ = {isa = PBXFileReference; fileEncoding = 4; lastKnownFileType = sourcecode.c.objc; path = ESPBLEIO.m; sourceTree = "<group>"; };
		8D83CCCF20DA567100DD632E /* ESPBLEHelper.m */ = {isa = PBXFileReference; fileEncoding = 4; lastKnownFileType = sourcecode.c.objc; path = ESPBLEHelper.m; sourceTree = "<group>"; };
		8D83CCD220DA74D600DD632E /* MainTableViewController.h */ = {isa = PBXFileReference; lastKnownFileType = sourcecode.c.h; path = MainTableViewController.h; sourceTree = "<group>"; };
		8D83CCD320DA74D600DD632E /* MainTableViewController.m */ = {isa = PBXFileReference; lastKnownFileType = sourcecode.c.objc; path = MainTableViewController.m; sourceTree = "<group>"; };
		8D83CCD520DA78A300DD632E /* ScanBLEViewController.h */ = {isa = PBXFileReference; lastKnownFileType = sourcecode.c.h; path = ScanBLEViewController.h; sourceTree = "<group>"; };
		8D83CCD620DA78A300DD632E /* ScanBLEViewController.m */ = {isa = PBXFileReference; lastKnownFileType = sourcecode.c.objc; path = ScanBLEViewController.m; sourceTree = "<group>"; };
		8D83CCD820DA790600DD632E /* PairResultViewController.h */ = {isa = PBXFileReference; lastKnownFileType = sourcecode.c.h; path = PairResultViewController.h; sourceTree = "<group>"; };
		8D83CCD920DA790600DD632E /* PairResultViewController.m */ = {isa = PBXFileReference; lastKnownFileType = sourcecode.c.objc; path = PairResultViewController.m; sourceTree = "<group>"; };
		8D83CCDC20DA865300DD632E /* MobileCoreServices.framework */ = {isa = PBXFileReference; lastKnownFileType = wrapper.framework; name = MobileCoreServices.framework; path = System/Library/Frameworks/MobileCoreServices.framework; sourceTree = SDKROOT; };
		8D83CCDE20DB7A7B00DD632E /* ESPTools.h */ = {isa = PBXFileReference; lastKnownFileType = sourcecode.c.h; path = ESPTools.h; sourceTree = "<group>"; };
		8D83CCDF20DB7A7B00DD632E /* ESPTools.m */ = {isa = PBXFileReference; lastKnownFileType = sourcecode.c.objc; path = ESPTools.m; sourceTree = "<group>"; };
		8D83CD1220DB854D00DD632E /* SystemConfiguration.framework */ = {isa = PBXFileReference; lastKnownFileType = wrapper.framework; name = SystemConfiguration.framework; path = System/Library/Frameworks/SystemConfiguration.framework; sourceTree = SDKROOT; };
		8D83CD1420DB859D00DD632E /* UIKit.framework */ = {isa = PBXFileReference; lastKnownFileType = wrapper.framework; name = UIKit.framework; path = System/Library/Frameworks/UIKit.framework; sourceTree = SDKROOT; };
		8D83CD7820DB88F900DD632E /* Foundation.framework */ = {isa = PBXFileReference; lastKnownFileType = wrapper.framework; name = Foundation.framework; path = System/Library/Frameworks/Foundation.framework; sourceTree = SDKROOT; };
		8D83CD7A20DB8A0300DD632E /* ESPRootScanUDP.m */ = {isa = PBXFileReference; fileEncoding = 4; lastKnownFileType = sourcecode.c.objc; path = ESPRootScanUDP.m; sourceTree = "<group>"; };
		8D83CD7B20DB8A0300DD632E /* ESPRootScanUDP.h */ = {isa = PBXFileReference; fileEncoding = 4; lastKnownFileType = sourcecode.c.h; path = ESPRootScanUDP.h; sourceTree = "<group>"; };
		8D83CD7D20DB8B2B00DD632E /* EspDevice.h */ = {isa = PBXFileReference; fileEncoding = 4; lastKnownFileType = sourcecode.c.h; path = EspDevice.h; sourceTree = "<group>"; };
		8D83CD7E20DB8B2B00DD632E /* EspDevice.m */ = {isa = PBXFileReference; fileEncoding = 4; lastKnownFileType = sourcecode.c.objc; path = EspDevice.m; sourceTree = "<group>"; };
/* End PBXFileReference section */

/* Begin PBXFrameworksBuildPhase section */
		8D83CC0520DA48F700DD632E /* Frameworks */ = {
			isa = PBXFrameworksBuildPhase;
			buildActionMask = 2147483647;
			files = (
				8D83CD7920DB88FA00DD632E /* Foundation.framework in Frameworks */,
				8D0AEDF320DBCACE00D3EB87 /* libcrypto.a in Frameworks */,
				8D0AEDF520DBCACE00D3EB87 /* libssl.a in Frameworks */,
				8D83CD1520DB859D00DD632E /* UIKit.framework in Frameworks */,
				8D83CD1320DB854D00DD632E /* SystemConfiguration.framework in Frameworks */,
				8D83CCDD20DA865300DD632E /* MobileCoreServices.framework in Frameworks */,
			);
			runOnlyForDeploymentPostprocessing = 0;
		};
/* End PBXFrameworksBuildPhase section */

/* Begin PBXGroup section */
		8D0AEDA220DBCACD00D3EB87 /* openssl */ = {
			isa = PBXGroup;
			children = (
				8D0AEDA320DBCACD00D3EB87 /* libcrypto.a */,
				8D0AEDA420DBCACD00D3EB87 /* include */,
				8D0AEDF220DBCACD00D3EB87 /* libssl.a */,
			);
			path = openssl;
			sourceTree = "<group>";
		};
		8D0AEDA420DBCACD00D3EB87 /* include */ = {
			isa = PBXGroup;
			children = (
				8D0AEDA520DBCACD00D3EB87 /* LICENSE */,
				8D0AEDA620DBCACD00D3EB87 /* openssl */,
			);
			path = include;
			sourceTree = "<group>";
		};
		8D0AEDA620DBCACD00D3EB87 /* openssl */ = {
			isa = PBXGroup;
			children = (
				8D0AEDA720DBCACD00D3EB87 /* pem2.h */,
				8D0AEDA820DBCACD00D3EB87 /* pem.h */,
				8D0AEDA920DBCACD00D3EB87 /* ssl3.h */,
				8D0AEDAA20DBCACD00D3EB87 /* ossl_typ.h */,
				8D0AEDAB20DBCACD00D3EB87 /* dtls1.h */,
				8D0AEDAC20DBCACD00D3EB87 /* err.h */,
				8D0AEDAD20DBCACD00D3EB87 /* bn.h */,
				8D0AEDAE20DBCACD00D3EB87 /* blowfish.h */,
				8D0AEDAF20DBCACD00D3EB87 /* cms.h */,
				8D0AEDB020DBCACD00D3EB87 /* engine.h */,
				8D0AEDB120DBCACD00D3EB87 /* conf_api.h */,
				8D0AEDB220DBCACD00D3EB87 /* x509.h */,
				8D0AEDB320DBCACD00D3EB87 /* asn1_mac.h */,
				8D0AEDB420DBCACD00D3EB87 /* ui.h */,
				8D0AEDB520DBCACD00D3EB87 /* kssl.h */,
				8D0AEDB620DBCACD00D3EB87 /* sha.h */,
				8D0AEDB720DBCACD00D3EB87 /* symhacks.h */,
				8D0AEDB820DBCACD00D3EB87 /* asn1.h */,
				8D0AEDB920DBCACD00D3EB87 /* opensslconf.h */,
				8D0AEDBA20DBCACD00D3EB87 /* bio.h */,
				8D0AEDBB20DBCACD00D3EB87 /* rc2.h */,
				8D0AEDBC20DBCACD00D3EB87 /* dh.h */,
				8D0AEDBD20DBCACD00D3EB87 /* ui_compat.h */,
				8D0AEDBE20DBCACD00D3EB87 /* x509v3.h */,
				8D0AEDBF20DBCACD00D3EB87 /* ssl23.h */,
				8D0AEDC020DBCACD00D3EB87 /* conf.h */,
				8D0AEDC120DBCACD00D3EB87 /* md5.h */,
				8D0AEDC220DBCACD00D3EB87 /* x509_vfy.h */,
				8D0AEDC320DBCACD00D3EB87 /* txt_db.h */,
				8D0AEDC420DBCACD00D3EB87 /* safestack.h */,
				8D0AEDC520DBCACD00D3EB87 /* ecdsa.h */,
				8D0AEDC620DBCACD00D3EB87 /* objects.h */,
				8D0AEDC720DBCACD00D3EB87 /* pkcs12.h */,
				8D0AEDC820DBCACD00D3EB87 /* crypto.h */,
				8D0AEDC920DBCACD00D3EB87 /* opensslv.h */,
				8D0AEDCA20DBCACD00D3EB87 /* pkcs7.h */,
				8D0AEDCB20DBCACD00D3EB87 /* obj_mac.h */,
				8D0AEDCC20DBCACD00D3EB87 /* buffer.h */,
				8D0AEDCD20DBCACD00D3EB87 /* ssl.h */,
				8D0AEDCE20DBCACD00D3EB87 /* srp.h */,
				8D0AEDCF20DBCACD00D3EB87 /* camellia.h */,
				8D0AEDD020DBCACD00D3EB87 /* evp.h */,
				8D0AEDD120DBCACD00D3EB87 /* e_os2.h */,
				8D0AEDD220DBCACD00D3EB87 /* md4.h */,
				8D0AEDD320DBCACD00D3EB87 /* hmac.h */,
				8D0AEDD420DBCACD00D3EB87 /* aes.h */,
				8D0AEDD520DBCACD00D3EB87 /* comp.h */,
				8D0AEDD620DBCACD00D3EB87 /* cast.h */,
				8D0AEDD720DBCACD00D3EB87 /* rc4.h */,
				8D0AEDD820DBCACD00D3EB87 /* stack.h */,
				8D0AEDD920DBCACD00D3EB87 /* des.h */,
				8D0AEDDA20DBCACD00D3EB87 /* ocsp.h */,
				8D0AEDDB20DBCACD00D3EB87 /* ec.h */,
				8D0AEDDC20DBCACD00D3EB87 /* ecdh.h */,
				8D0AEDDD20DBCACD00D3EB87 /* rand.h */,
				8D0AEDDE20DBCACD00D3EB87 /* ts.h */,
				8D0AEDDF20DBCACD00D3EB87 /* pqueue.h */,
				8D0AEDE020DBCACD00D3EB87 /* dso.h */,
				8D0AEDE120DBCACD00D3EB87 /* seed.h */,
				8D0AEDE220DBCACD00D3EB87 /* modes.h */,
				8D0AEDE320DBCACD00D3EB87 /* ssl2.h */,
				8D0AEDE420DBCACD00D3EB87 /* rsa.h */,
				8D0AEDE520DBCACD00D3EB87 /* krb5_asn.h */,
				8D0AEDE620DBCACD00D3EB87 /* des_old.h */,
				8D0AEDE720DBCACD00D3EB87 /* ripemd.h */,
				8D0AEDE820DBCACD00D3EB87 /* whrlpool.h */,
				8D0AEDE920DBCACD00D3EB87 /* tls1.h */,
				8D0AEDEA20DBCACD00D3EB87 /* mdc2.h */,
				8D0AEDEB20DBCACD00D3EB87 /* dsa.h */,
				8D0AEDEC20DBCACD00D3EB87 /* srtp.h */,
				8D0AEDED20DBCACD00D3EB87 /* asn1t.h */,
				8D0AEDEE20DBCACD00D3EB87 /* cmac.h */,
				8D0AEDEF20DBCACD00D3EB87 /* ebcdic.h */,
				8D0AEDF020DBCACD00D3EB87 /* idea.h */,
				8D0AEDF120DBCACD00D3EB87 /* lhash.h */,
			);
			path = openssl;
			sourceTree = "<group>";
		};
		8D37C5BF20DBAF2400C217AA /* AFNetworking */ = {
			isa = PBXGroup;
			children = (
				8D37C5C020DBAF2400C217AA /* AFSecurityPolicy.h */,
				8D37C5C120DBAF2400C217AA /* AFNetworkReachabilityManager.h */,
				8D37C5C220DBAF2400C217AA /* AFURLSessionManager.h */,
				8D37C5C320DBAF2400C217AA /* AFURLRequestSerialization.h */,
				8D37C5C420DBAF2400C217AA /* AFURLResponseSerialization.m */,
				8D37C5C520DBAF2400C217AA /* AFHTTPSessionManager.m */,
				8D37C5C620DBAF2400C217AA /* AFURLResponseSerialization.h */,
				8D37C5C720DBAF2400C217AA /* AFURLSessionManager.m */,
				8D37C5C820DBAF2400C217AA /* AFURLRequestSerialization.m */,
				8D37C5C920DBAF2400C217AA /* AFNetworking.h */,
				8D37C5CA20DBAF2400C217AA /* AFNetworkReachabilityManager.m */,
				8D37C5CB20DBAF2400C217AA /* AFSecurityPolicy.m */,
				8D37C5CC20DBAF2400C217AA /* AFCompatibilityMacros.h */,
				8D37C5CD20DBAF2400C217AA /* AFHTTPSessionManager.h */,
			);
			path = AFNetworking;
			sourceTree = "<group>";
		};
		8D37C5D720DBC21000C217AA /* BLE */ = {
			isa = PBXGroup;
			children = (
				8D0AEDF720DBCF7900D3EB87 /* DH_AES.h */,
				8D0AEDF620DBCF7900D3EB87 /* DH_AES.m */,
				8D37C5DC20DBC2A700C217AA /* RSAObject.h */,
				8D37C5DD20DBC2A700C217AA /* RSAObject.m */,
				8D37C5D920DBC29200C217AA /* PacketCommand.h */,
				8D37C5DA20DBC29300C217AA /* PacketCommand.m */,
				8D0AEDA220DBCACD00D3EB87 /* openssl */,
				8D83CCAB20DA53EB00DD632E /* BabyBluetooth */,
				8D83CCCD20DA567100DD632E /* ESPBLEHelper.h */,
				8D83CCCF20DA567100DD632E /* ESPBLEHelper.m */,
				8D83CCCC20DA567100DD632E /* ESPBLEIO.h */,
				8D83CCCE20DA567100DD632E /* ESPBLEIO.m */,
			);
			path = BLE;
			sourceTree = "<group>";
		};
		8D37C5D820DBC26800C217AA /* ESPNetWork */ = {
			isa = PBXGroup;
			children = (
				8D83CD7B20DB8A0300DD632E /* ESPRootScanUDP.h */,
				8D83CD7A20DB8A0300DD632E /* ESPRootScanUDP.m */,
				8D37C5D420DBAF5C00C217AA /* ESPNetWorking.h */,
				8D37C5D520DBAF5C00C217AA /* ESPNetWorking.m */,
				8D37C5BF20DBAF2400C217AA /* AFNetworking */,
				8D83CC7F20DA514C00DD632E /* CocoaAsyncSocket */,
			);
			path = ESPNetWork;
			sourceTree = "<group>";
		};
		8D83CBFF20DA48F700DD632E = {
			isa = PBXGroup;
			children = (
				8D83CC0A20DA48F700DD632E /* ESPMeshLibraryDemo */,
				8D83CC0920DA48F700DD632E /* Products */,
				8D83CCDB20DA865300DD632E /* Frameworks */,
			);
			sourceTree = "<group>";
		};
		8D83CC0920DA48F700DD632E /* Products */ = {
			isa = PBXGroup;
			children = (
				8D83CC0820DA48F700DD632E /* ESPMeshLibraryDemo.app */,
			);
			name = Products;
			sourceTree = "<group>";
		};
		8D83CC0A20DA48F700DD632E /* ESPMeshLibraryDemo */ = {
			isa = PBXGroup;
			children = (
				8D83CC2420DA4C8A00DD632E /* ESPMeshLibrary */,
				8D83CC0B20DA48F700DD632E /* AppDelegate.h */,
				8D83CC0C20DA48F700DD632E /* AppDelegate.m */,
				8D83CCD320DA74D600DD632E /* MainTableViewController.m */,
				8D83CCD220DA74D600DD632E /* MainTableViewController.h */,
				8D83CC1420DA48F700DD632E /* Main.storyboard */,
				8D83CC1720DA48F800DD632E /* Assets.xcassets */,
				8D83CC1920DA48F800DD632E /* LaunchScreen.storyboard */,
				8D83CC1C20DA48F800DD632E /* Info.plist */,
				8D83CC1D20DA48F800DD632E /* main.m */,
				8D83CCD520DA78A300DD632E /* ScanBLEViewController.h */,
				8D83CCD620DA78A300DD632E /* ScanBLEViewController.m */,
				8D83CCD820DA790600DD632E /* PairResultViewController.h */,
				8D83CCD920DA790600DD632E /* PairResultViewController.m */,
			);
			path = ESPMeshLibraryDemo;
			sourceTree = "<group>";
		};
		8D83CC2420DA4C8A00DD632E /* ESPMeshLibrary */ = {
			isa = PBXGroup;
			children = (
				8D83CC2C20DA4EC400DD632E /* ESPTools */,
				8D83CC2B20DA4EA700DD632E /* ESPDataBase */,
				8D83CC2820DA4E9200DD632E /* ESPMeshManager.h */,
				8D83CC2920DA4E9200DD632E /* ESPMeshManager.m */,
			);
			path = ESPMeshLibrary;
			sourceTree = "<group>";
		};
		8D83CC2B20DA4EA700DD632E /* ESPDataBase */ = {
			isa = PBXGroup;
			children = (
			);
			path = ESPDataBase;
			sourceTree = "<group>";
		};
		8D83CC2C20DA4EC400DD632E /* ESPTools */ = {
			isa = PBXGroup;
			children = (
				8D37C5D820DBC26800C217AA /* ESPNetWork */,
				8D37C5D720DBC21000C217AA /* BLE */,
				8D83CD7D20DB8B2B00DD632E /* EspDevice.h */,
				8D83CD7E20DB8B2B00DD632E /* EspDevice.m */,
				8D83CCDE20DB7A7B00DD632E /* ESPTools.h */,
				8D83CCDF20DB7A7B00DD632E /* ESPTools.m */,
			);
			path = ESPTools;
			sourceTree = "<group>";
		};
		8D83CC7F20DA514C00DD632E /* CocoaAsyncSocket */ = {
			isa = PBXGroup;
			children = (
				8D83CC8020DA514C00DD632E /* GCD */,
				8D83CC8620DA514C00DD632E /* CocoaAsyncSocket.h */,
				8D83CC8720DA514C00DD632E /* Vendor */,
			);
			path = CocoaAsyncSocket;
			sourceTree = "<group>";
		};
		8D83CC8020DA514C00DD632E /* GCD */ = {
			isa = PBXGroup;
			children = (
				8D83CC8120DA514C00DD632E /* Documentation.html */,
				8D83CC8220DA514C00DD632E /* GCDAsyncUdpSocket.m */,
				8D83CC8320DA514C00DD632E /* GCDAsyncSocket.m */,
				8D83CC8420DA514C00DD632E /* GCDAsyncUdpSocket.h */,
				8D83CC8520DA514C00DD632E /* GCDAsyncSocket.h */,
			);
			path = GCD;
			sourceTree = "<group>";
		};
		8D83CC8720DA514C00DD632E /* Vendor */ = {
			isa = PBXGroup;
			children = (
				8D83CC8820DA514C00DD632E /* CocoaLumberjack */,
			);
			path = Vendor;
			sourceTree = "<group>";
		};
		8D83CC8820DA514C00DD632E /* CocoaLumberjack */ = {
			isa = PBXGroup;
			children = (
				8D83CC8920DA514C00DD632E /* DDTTYLogger.m */,
				8D83CC8A20DA514C00DD632E /* DDLog.h */,
				8D83CC8B20DA514C00DD632E /* DDAbstractDatabaseLogger.h */,
				8D83CC8C20DA514C00DD632E /* DDASLLogger.m */,
				8D83CC8D20DA514C00DD632E /* DDFileLogger.h */,
				8D83CC8E20DA514C00DD632E /* Extensions */,
				8D83CC9620DA514C00DD632E /* DDLog.m */,
				8D83CC9720DA514C00DD632E /* DDTTYLogger.h */,
				8D83CC9820DA514C00DD632E /* DDLog+LOGV.h */,
				8D83CC9920DA514C00DD632E /* DDAbstractDatabaseLogger.m */,
				8D83CC9A20DA514C00DD632E /* DDFileLogger.m */,
				8D83CC9B20DA514C00DD632E /* DDASLLogger.h */,
			);
			path = CocoaLumberjack;
			sourceTree = "<group>";
		};
		8D83CC8E20DA514C00DD632E /* Extensions */ = {
			isa = PBXGroup;
			children = (
				8D83CC8F20DA514C00DD632E /* DDContextFilterLogFormatter.m */,
				8D83CC9020DA514C00DD632E /* DDDispatchQueueLogFormatter.m */,
				8D83CC9120DA514C00DD632E /* DDMultiFormatter.h */,
				8D83CC9220DA514C00DD632E /* DDContextFilterLogFormatter.h */,
				8D83CC9320DA514C00DD632E /* DDMultiFormatter.m */,
				8D83CC9420DA514C00DD632E /* DDDispatchQueueLogFormatter.h */,
				8D83CC9520DA514C00DD632E /* README.txt */,
			);
			path = Extensions;
			sourceTree = "<group>";
		};
		8D83CCAB20DA53EB00DD632E /* BabyBluetooth */ = {
			isa = PBXGroup;
			children = (
				8D83CCAC20DA53EC00DD632E /* Classes */,
			);
			path = BabyBluetooth;
			sourceTree = "<group>";
		};
		8D83CCAC20DA53EC00DD632E /* Classes */ = {
			isa = PBXGroup;
			children = (
				8D83CCAD20DA53EC00DD632E /* objc */,
			);
			path = Classes;
			sourceTree = "<group>";
		};
		8D83CCAD20DA53EC00DD632E /* objc */ = {
			isa = PBXGroup;
			children = (
				8D83CCAE20DA53EC00DD632E /* BabyRhythm.h */,
				8D83CCAF20DA53EC00DD632E /* BabySpeaker.h */,
				8D83CCB020DA53EC00DD632E /* BabyToy.m */,
				8D83CCB120DA53EC00DD632E /* BabyCentralManager.h */,
				8D83CCB220DA53EC00DD632E /* BabyPeripheralManager.h */,
				8D83CCB320DA53EC00DD632E /* BabyDefine.h */,
				8D83CCB420DA53EC00DD632E /* BabyBluetooth.h */,
				8D83CCB520DA53EC00DD632E /* BabyOptions.m */,
				8D83CCB620DA53EC00DD632E /* BabyCallback.m */,
				8D83CCB720DA53EC00DD632E /* BabyPeripheralManager.m */,
				8D83CCB820DA53EC00DD632E /* BabyCentralManager.m */,
				8D83CCB920DA53EC00DD632E /* BabySpeaker.m */,
				8D83CCBA20DA53EC00DD632E /* BabyToy.h */,
				8D83CCBB20DA53EC00DD632E /* BabyRhythm.m */,
				8D83CCBC20DA53EC00DD632E /* BabyOptions.h */,
				8D83CCBD20DA53EC00DD632E /* BabyBluetooth.m */,
				8D83CCBE20DA53EC00DD632E /* BabyDefine.m */,
				8D83CCBF20DA53EC00DD632E /* BabyCallback.h */,
			);
			path = objc;
			sourceTree = "<group>";
		};
		8D83CCDB20DA865300DD632E /* Frameworks */ = {
			isa = PBXGroup;
			children = (
				8D83CD7820DB88F900DD632E /* Foundation.framework */,
				8D83CD1420DB859D00DD632E /* UIKit.framework */,
				8D83CD1220DB854D00DD632E /* SystemConfiguration.framework */,
				8D83CCDC20DA865300DD632E /* MobileCoreServices.framework */,
			);
			name = Frameworks;
			sourceTree = "<group>";
		};
/* End PBXGroup section */

/* Begin PBXNativeTarget section */
		8D83CC0720DA48F700DD632E /* ESPMeshLibraryDemo */ = {
			isa = PBXNativeTarget;
			buildConfigurationList = 8D83CC2120DA48F800DD632E /* Build configuration list for PBXNativeTarget "ESPMeshLibraryDemo" */;
			buildPhases = (
				8D83CC0420DA48F700DD632E /* Sources */,
				8D83CC0520DA48F700DD632E /* Frameworks */,
				8D83CC0620DA48F700DD632E /* Resources */,
			);
			buildRules = (
			);
			dependencies = (
			);
			name = ESPMeshLibraryDemo;
			productName = ESPMeshLibraryDemo;
			productReference = 8D83CC0820DA48F700DD632E /* ESPMeshLibraryDemo.app */;
			productType = "com.apple.product-type.application";
		};
/* End PBXNativeTarget section */

/* Begin PBXProject section */
		8D83CC0020DA48F700DD632E /* Project object */ = {
			isa = PBXProject;
			attributes = {
				LastUpgradeCheck = 0940;
				ORGANIZATIONNAME = zhaobing;
				TargetAttributes = {
					8D83CC0720DA48F700DD632E = {
						CreatedOnToolsVersion = 9.4;
					};
				};
			};
			buildConfigurationList = 8D83CC0320DA48F700DD632E /* Build configuration list for PBXProject "ESPMeshLibraryDemo" */;
			compatibilityVersion = "Xcode 9.3";
			developmentRegion = en;
			hasScannedForEncodings = 0;
			knownRegions = (
				en,
				Base,
			);
			mainGroup = 8D83CBFF20DA48F700DD632E;
			productRefGroup = 8D83CC0920DA48F700DD632E /* Products */;
			projectDirPath = "";
			projectRoot = "";
			targets = (
				8D83CC0720DA48F700DD632E /* ESPMeshLibraryDemo */,
			);
		};
/* End PBXProject section */

/* Begin PBXResourcesBuildPhase section */
		8D83CC0620DA48F700DD632E /* Resources */ = {
			isa = PBXResourcesBuildPhase;
			buildActionMask = 2147483647;
			files = (
				8D0AEDF420DBCACE00D3EB87 /* LICENSE in Resources */,
				8D83CC1B20DA48F800DD632E /* LaunchScreen.storyboard in Resources */,
				8D83CC1820DA48F800DD632E /* Assets.xcassets in Resources */,
				8D83CC9F20DA514C00DD632E /* Documentation.html in Resources */,
				8D83CCA720DA514C00DD632E /* README.txt in Resources */,
				8D83CC1620DA48F700DD632E /* Main.storyboard in Resources */,
			);
			runOnlyForDeploymentPostprocessing = 0;
		};
/* End PBXResourcesBuildPhase section */

/* Begin PBXSourcesBuildPhase section */
		8D83CC0420DA48F700DD632E /* Sources */ = {
			isa = PBXSourcesBuildPhase;
			buildActionMask = 2147483647;
			files = (
				8D83CCC820DA53EC00DD632E /* BabyDefine.m in Sources */,
				8D83CCC120DA53EC00DD632E /* BabyOptions.m in Sources */,
				8D83CCC720DA53EC00DD632E /* BabyBluetooth.m in Sources */,
				8D83CCA620DA514C00DD632E /* DDMultiFormatter.m in Sources */,
				8D83CCD120DA567100DD632E /* ESPBLEHelper.m in Sources */,
				8D83CCD720DA78A300DD632E /* ScanBLEViewController.m in Sources */,
				8D83CD7F20DB8B2B00DD632E /* EspDevice.m in Sources */,
				8D83CCC520DA53EC00DD632E /* BabySpeaker.m in Sources */,
				8D83CCA220DA514C00DD632E /* DDTTYLogger.m in Sources */,
				8D83CCA520DA514C00DD632E /* DDDispatchQueueLogFormatter.m in Sources */,
				8D83CCAA20DA514C00DD632E /* DDFileLogger.m in Sources */,
				8D83CCA920DA514C00DD632E /* DDAbstractDatabaseLogger.m in Sources */,
				8D83CC0D20DA48F700DD632E /* AppDelegate.m in Sources */,
				8D37C5DB20DBC29300C217AA /* PacketCommand.m in Sources */,
				8D83CCC620DA53EC00DD632E /* BabyRhythm.m in Sources */,
				8D37C5CE20DBAF2400C217AA /* AFURLResponseSerialization.m in Sources */,
				8D37C5D020DBAF2400C217AA /* AFURLSessionManager.m in Sources */,
				8D83CCD020DA567100DD632E /* ESPBLEIO.m in Sources */,
				8D37C5D220DBAF2400C217AA /* AFNetworkReachabilityManager.m in Sources */,
				8D83CC2A20DA4E9200DD632E /* ESPMeshManager.m in Sources */,
				8D83CCC420DA53EC00DD632E /* BabyCentralManager.m in Sources */,
				8D83CCDA20DA790600DD632E /* PairResultViewController.m in Sources */,
				8D83CC1E20DA48F800DD632E /* main.m in Sources */,
				8D83CCC220DA53EC00DD632E /* BabyCallback.m in Sources */,
				8D83CD7C20DB8A0300DD632E /* ESPRootScanUDP.m in Sources */,
				8D83CCC320DA53EC00DD632E /* BabyPeripheralManager.m in Sources */,
				8D37C5CF20DBAF2400C217AA /* AFHTTPSessionManager.m in Sources */,
				8D83CCA820DA514C00DD632E /* DDLog.m in Sources */,
				8D83CCA420DA514C00DD632E /* DDContextFilterLogFormatter.m in Sources */,
				8D37C5D320DBAF2400C217AA /* AFSecurityPolicy.m in Sources */,
				8D83CCA320DA514C00DD632E /* DDASLLogger.m in Sources */,
				8D37C5D620DBAF5C00C217AA /* ESPNetWorking.m in Sources */,
				8D83CCA020DA514C00DD632E /* GCDAsyncUdpSocket.m in Sources */,
				8D37C5D120DBAF2400C217AA /* AFURLRequestSerialization.m in Sources */,
				8D83CCA120DA514C00DD632E /* GCDAsyncSocket.m in Sources */,
				8D37C5DE20DBC2A700C217AA /* RSAObject.m in Sources */,
				8D83CCD420DA74D600DD632E /* MainTableViewController.m in Sources */,
				8D83CCE020DB7A7B00DD632E /* ESPTools.m in Sources */,
				8D83CCC020DA53EC00DD632E /* BabyToy.m in Sources */,
				8D0AEDF820DBCF7A00D3EB87 /* DH_AES.m in Sources */,
			);
			runOnlyForDeploymentPostprocessing = 0;
		};
/* End PBXSourcesBuildPhase section */

/* Begin PBXVariantGroup section */
		8D83CC1420DA48F700DD632E /* Main.storyboard */ = {
			isa = PBXVariantGroup;
			children = (
				8D83CC1520DA48F700DD632E /* Base */,
			);
			name = Main.storyboard;
			sourceTree = "<group>";
		};
		8D83CC1920DA48F800DD632E /* LaunchScreen.storyboard */ = {
			isa = PBXVariantGroup;
			children = (
				8D83CC1A20DA48F800DD632E /* Base */,
			);
			name = LaunchScreen.storyboard;
			sourceTree = "<group>";
		};
/* End PBXVariantGroup section */

/* Begin XCBuildConfiguration section */
		8D83CC1F20DA48F800DD632E /* Debug */ = {
			isa = XCBuildConfiguration;
			buildSettings = {
				ALWAYS_SEARCH_USER_PATHS = NO;
				CLANG_ANALYZER_NONNULL = YES;
				CLANG_ANALYZER_NUMBER_OBJECT_CONVERSION = YES_AGGRESSIVE;
				CLANG_CXX_LANGUAGE_STANDARD = "gnu++14";
				CLANG_CXX_LIBRARY = "libc++";
				CLANG_ENABLE_MODULES = YES;
				CLANG_ENABLE_OBJC_ARC = YES;
				CLANG_ENABLE_OBJC_WEAK = YES;
				CLANG_WARN_BLOCK_CAPTURE_AUTORELEASING = YES;
				CLANG_WARN_BOOL_CONVERSION = YES;
				CLANG_WARN_COMMA = YES;
				CLANG_WARN_CONSTANT_CONVERSION = YES;
				CLANG_WARN_DEPRECATED_OBJC_IMPLEMENTATIONS = YES;
				CLANG_WARN_DIRECT_OBJC_ISA_USAGE = YES_ERROR;
				CLANG_WARN_DOCUMENTATION_COMMENTS = YES;
				CLANG_WARN_EMPTY_BODY = YES;
				CLANG_WARN_ENUM_CONVERSION = YES;
				CLANG_WARN_INFINITE_RECURSION = YES;
				CLANG_WARN_INT_CONVERSION = YES;
				CLANG_WARN_NON_LITERAL_NULL_CONVERSION = YES;
				CLANG_WARN_OBJC_IMPLICIT_RETAIN_SELF = YES;
				CLANG_WARN_OBJC_LITERAL_CONVERSION = YES;
				CLANG_WARN_OBJC_ROOT_CLASS = YES_ERROR;
				CLANG_WARN_RANGE_LOOP_ANALYSIS = YES;
				CLANG_WARN_STRICT_PROTOTYPES = YES;
				CLANG_WARN_SUSPICIOUS_MOVE = YES;
				CLANG_WARN_UNGUARDED_AVAILABILITY = YES_AGGRESSIVE;
				CLANG_WARN_UNREACHABLE_CODE = YES;
				CLANG_WARN__DUPLICATE_METHOD_MATCH = YES;
				CODE_SIGN_IDENTITY = "iPhone Developer";
				COPY_PHASE_STRIP = NO;
				DEBUG_INFORMATION_FORMAT = dwarf;
				ENABLE_STRICT_OBJC_MSGSEND = YES;
				ENABLE_TESTABILITY = YES;
				GCC_C_LANGUAGE_STANDARD = gnu11;
				GCC_DYNAMIC_NO_PIC = NO;
				GCC_NO_COMMON_BLOCKS = YES;
				GCC_OPTIMIZATION_LEVEL = 0;
				GCC_PREPROCESSOR_DEFINITIONS = (
					"DEBUG=1",
					"$(inherited)",
				);
				GCC_WARN_64_TO_32_BIT_CONVERSION = YES;
				GCC_WARN_ABOUT_RETURN_TYPE = YES_ERROR;
				GCC_WARN_UNDECLARED_SELECTOR = YES;
				GCC_WARN_UNINITIALIZED_AUTOS = YES_AGGRESSIVE;
				GCC_WARN_UNUSED_FUNCTION = YES;
				GCC_WARN_UNUSED_VARIABLE = YES;
				HEADER_SEARCH_PATHS = "$(SRCROOT)/ESPMeshLibraryDemo/ESPMeshLibrary/ESPTools/BLE/openssl/include/";
				IPHONEOS_DEPLOYMENT_TARGET = 11.4;
				LIBRARY_SEARCH_PATHS = (
					"$(PROJECT_DIR)/ESPMeshLibraryDemo/ESPMeshLibrary/ESPTools/BLE/openssl",
					"$(PROJECT_DIR)/ESPMeshLibraryDemo/ESPMeshLibrary/ESPTools/BLE/openssl/openssl",
					"$(PROJECT_DIR)",
					"$(inherited)",
				);
				MTL_ENABLE_DEBUG_INFO = YES;
				ONLY_ACTIVE_ARCH = YES;
				SDKROOT = iphoneos;
			};
			name = Debug;
		};
		8D83CC2020DA48F800DD632E /* Release */ = {
			isa = XCBuildConfiguration;
			buildSettings = {
				ALWAYS_SEARCH_USER_PATHS = NO;
				CLANG_ANALYZER_NONNULL = YES;
				CLANG_ANALYZER_NUMBER_OBJECT_CONVERSION = YES_AGGRESSIVE;
				CLANG_CXX_LANGUAGE_STANDARD = "gnu++14";
				CLANG_CXX_LIBRARY = "libc++";
				CLANG_ENABLE_MODULES = YES;
				CLANG_ENABLE_OBJC_ARC = YES;
				CLANG_ENABLE_OBJC_WEAK = YES;
				CLANG_WARN_BLOCK_CAPTURE_AUTORELEASING = YES;
				CLANG_WARN_BOOL_CONVERSION = YES;
				CLANG_WARN_COMMA = YES;
				CLANG_WARN_CONSTANT_CONVERSION = YES;
				CLANG_WARN_DEPRECATED_OBJC_IMPLEMENTATIONS = YES;
				CLANG_WARN_DIRECT_OBJC_ISA_USAGE = YES_ERROR;
				CLANG_WARN_DOCUMENTATION_COMMENTS = YES;
				CLANG_WARN_EMPTY_BODY = YES;
				CLANG_WARN_ENUM_CONVERSION = YES;
				CLANG_WARN_INFINITE_RECURSION = YES;
				CLANG_WARN_INT_CONVERSION = YES;
				CLANG_WARN_NON_LITERAL_NULL_CONVERSION = YES;
				CLANG_WARN_OBJC_IMPLICIT_RETAIN_SELF = YES;
				CLANG_WARN_OBJC_LITERAL_CONVERSION = YES;
				CLANG_WARN_OBJC_ROOT_CLASS = YES_ERROR;
				CLANG_WARN_RANGE_LOOP_ANALYSIS = YES;
				CLANG_WARN_STRICT_PROTOTYPES = YES;
				CLANG_WARN_SUSPICIOUS_MOVE = YES;
				CLANG_WARN_UNGUARDED_AVAILABILITY = YES_AGGRESSIVE;
				CLANG_WARN_UNREACHABLE_CODE = YES;
				CLANG_WARN__DUPLICATE_METHOD_MATCH = YES;
				CODE_SIGN_IDENTITY = "iPhone Developer";
				COPY_PHASE_STRIP = NO;
				DEBUG_INFORMATION_FORMAT = "dwarf-with-dsym";
				ENABLE_NS_ASSERTIONS = NO;
				ENABLE_STRICT_OBJC_MSGSEND = YES;
				GCC_C_LANGUAGE_STANDARD = gnu11;
				GCC_NO_COMMON_BLOCKS = YES;
				GCC_WARN_64_TO_32_BIT_CONVERSION = YES;
				GCC_WARN_ABOUT_RETURN_TYPE = YES_ERROR;
				GCC_WARN_UNDECLARED_SELECTOR = YES;
				GCC_WARN_UNINITIALIZED_AUTOS = YES_AGGRESSIVE;
				GCC_WARN_UNUSED_FUNCTION = YES;
				GCC_WARN_UNUSED_VARIABLE = YES;
				HEADER_SEARCH_PATHS = "$(SRCROOT)/ESPMeshLibraryDemo/ESPMeshLibrary/ESPTools/BLE/openssl/include/";
				IPHONEOS_DEPLOYMENT_TARGET = 11.4;
				LIBRARY_SEARCH_PATHS = (
					"$(PROJECT_DIR)/ESPMeshLibraryDemo/ESPMeshLibrary/ESPTools/BLE/openssl",
					"$(PROJECT_DIR)/ESPMeshLibraryDemo/ESPMeshLibrary/ESPTools/BLE/openssl/openssl",
					"$(PROJECT_DIR)",
					"$(inherited)",
				);
				MTL_ENABLE_DEBUG_INFO = NO;
				SDKROOT = iphoneos;
				VALIDATE_PRODUCT = YES;
			};
			name = Release;
		};
		8D83CC2220DA48F800DD632E /* Debug */ = {
			isa = XCBuildConfiguration;
			buildSettings = {
				ASSETCATALOG_COMPILER_APPICON_NAME = AppIcon;
				CODE_SIGN_STYLE = Automatic;
				DEVELOPMENT_TEAM = QWY5DY832N;
				ENABLE_BITCODE = NO;
				HEADER_SEARCH_PATHS = "$(SRCROOT)/ESPMeshLibraryDemo/ESPMeshLibrary/ESPTools/BLE/openssl/include/";
				INFOPLIST_FILE = ESPMeshLibraryDemo/Info.plist;
				IPHONEOS_DEPLOYMENT_TARGET = 9.0;
				LD_RUNPATH_SEARCH_PATHS = (
					"$(inherited)",
					"@executable_path/Frameworks",
				);
				LIBRARY_SEARCH_PATHS = (
					"$(inherited)",
					"$(PROJECT_DIR)/ESPMeshLibraryDemo/ESPMeshLibrary/ESPTools/BLE/openssl",
				);
				PRODUCT_BUNDLE_IDENTIFIER = com.espressif.ESPMeshLibraryDemo;
				PRODUCT_NAME = "$(TARGET_NAME)";
				TARGETED_DEVICE_FAMILY = "1,2";
			};
			name = Debug;
		};
		8D83CC2320DA48F800DD632E /* Release */ = {
			isa = XCBuildConfiguration;
			buildSettings = {
				ASSETCATALOG_COMPILER_APPICON_NAME = AppIcon;
				CODE_SIGN_STYLE = Automatic;
				DEVELOPMENT_TEAM = QWY5DY832N;
				ENABLE_BITCODE = NO;
				HEADER_SEARCH_PATHS = "$(SRCROOT)/ESPMeshLibraryDemo/ESPMeshLibrary/ESPTools/BLE/openssl/include/";
				INFOPLIST_FILE = ESPMeshLibraryDemo/Info.plist;
				IPHONEOS_DEPLOYMENT_TARGET = 9.0;
				LD_RUNPATH_SEARCH_PATHS = (
					"$(inherited)",
					"@executable_path/Frameworks",
				);
				LIBRARY_SEARCH_PATHS = (
					"$(inherited)",
					"$(PROJECT_DIR)/ESPMeshLibraryDemo/ESPMeshLibrary/ESPTools/BLE/openssl",
				);
				PRODUCT_BUNDLE_IDENTIFIER = com.espressif.ESPMeshLibraryDemo;
				PRODUCT_NAME = "$(TARGET_NAME)";
				TARGETED_DEVICE_FAMILY = "1,2";
			};
			name = Release;
		};
/* End XCBuildConfiguration section */

/* Begin XCConfigurationList section */
		8D83CC0320DA48F700DD632E /* Build configuration list for PBXProject "ESPMeshLibraryDemo" */ = {
			isa = XCConfigurationList;
			buildConfigurations = (
				8D83CC1F20DA48F800DD632E /* Debug */,
				8D83CC2020DA48F800DD632E /* Release */,
			);
			defaultConfigurationIsVisible = 0;
			defaultConfigurationName = Release;
		};
		8D83CC2120DA48F800DD632E /* Build configuration list for PBXNativeTarget "ESPMeshLibraryDemo" */ = {
			isa = XCConfigurationList;
			buildConfigurations = (
				8D83CC2220DA48F800DD632E /* Debug */,
				8D83CC2320DA48F800DD632E /* Release */,
			);
			defaultConfigurationIsVisible = 0;
			defaultConfigurationName = Release;
		};
/* End XCConfigurationList section */
	};
	rootObject = 8D83CC0020DA48F700DD632E /* Project object */;
}
